{
  "version": "5",
  "specifiers": {
    "jsr:@std/assert@1.0.19": "1.0.19",
    "jsr:@std/internal@^1.0.12": "1.0.14",
    "npm:@comark/html@0.4.0": "0.4.0",
    "npm:@types/markdown-it-emoji@3.0.1": "3.0.1",
    "npm:@types/markdown-it-footnote@3.0.4": "3.0.4",
    "npm:@types/markdown-it@14.1.2": "14.1.2",
    "npm:comark@0.4.0": "0.4.0",
    "npm:gemoji@8.1.0": "8.1.0",
    "npm:github-slugger@2.0.0": "2.0.0",
    "npm:markdown-exit@1.1.0-beta.2": "1.1.0-beta.2",
    "npm:markdown-it-anchor@9.2.0": "9.2.0_@types+markdown-it@14.1.2_markdown-it@14.2.0",
    "npm:markdown-it-emoji@3.0.0": "3.0.0",
    "npm:markdown-it-footnote@4.0.0": "4.0.0",
    "npm:markdown-it@14.2.0": "14.2.0",
    "npm:marked-emoji@2.0.3": "2.0.3_marked@18.0.5",
    "npm:marked-footnote@1.4.0": "1.4.0_marked@18.0.5",
    "npm:marked-gfm-heading-id@4.1.4": "4.1.4_marked@18.0.5",
    "npm:marked-smartypants@1.1.12": "1.1.12_marked@18.0.5",
    "npm:marked@18.0.5": "18.0.5",
    "npm:rehype-slug@6.0.0": "6.0.0",
    "npm:rehype-stringify@10.0.1": "10.0.1",
    "npm:remark-gemoji@8.0.0": "8.0.0",
    "npm:remark-gfm@4.0.1": "4.0.1",
    "npm:remark-parse@11.0.0": "11.0.0",
    "npm:remark-rehype@11.1.2": "11.1.2",
    "npm:remark-smartypants@3.0.2": "3.0.2",
    "npm:satteri@0.8.1": "0.8.1",
    "npm:unified@11.0.5": "11.0.5"
  },
  "jsr": {
    "@std/assert@1.0.19": {
      "integrity": "eaada96ee120cb980bc47e040f82814d786fe8162ecc53c91d8df60b8755991e",
      "dependencies": [
        "jsr:@std/internal"
      ]
    },
    "@std/internal@1.0.14": {
      "integrity": "291516b3d4c35024d6ffbc0a9df5bf4c64116e05b50012cf846710152d2ffdf7"
    }
  },
  "npm": {
    "@bruits/satteri-darwin-arm64@0.8.1": {
      "integrity": "sha512-9R8icJLGP8e3LOh8qLTZP1wdSGti6+OzGu3RCuSinMHUdPhTEDU3kbPV35vTGxUHghDGKYXPZBP+jDsbvKdf6A==",
      "os": ["darwin"],
      "cpu": ["arm64"]
    },
    "@bruits/satteri-darwin-x64@0.8.1": {
      "integrity": "sha512-UY5qDOoPXFsSnmfU6Qwi7h0hrtwlU8brwDrgZ4C1GSjcBVV01kQ96iXX+JIDoyO1Lnps0Wola0ar+iwkL2sAtg==",
      "os": ["darwin"],
      "cpu": ["x64"]
    },
    "@bruits/satteri-linux-x64-gnu@0.8.1": {
      "integrity": "sha512-OnOyNWEgUVFiDlaVuzd56GSucKY2F+1GMUT9lBqHb4TI0OQgZRP4fCfwxfz+2Rb1hQXuEGSTRJjyhPGQ5ft6kQ==",
      "os": ["linux"],
      "cpu": ["x64"]
    },
    "@bruits/satteri-wasm32-wasi@0.8.1": {
      "integrity": "sha512-FKgKMIplotnCobQwfVd81YSakgiUBSn+truqElYFX9O+sinePlJXmLuDECNS1Utj8/59t0ryOZ2Sv1ThfAfaNA==",
      "dependencies": [
        "@emnapi/core",
        "@emnapi/runtime",
        "@napi-rs/wasm-runtime"
      ],
      "cpu": ["wasm32"]
    },
    "@bruits/satteri-win32-x64-msvc@0.8.1": {
      "integrity": "sha512-YgNvyaW5MLsrcnlwLdjk7/wSdER15+8cGdCHVkJY3KuaBdEW6XnfA35Svf88Ar+gBG+QsHEb8JE42DEJUiw22g==",
      "os": ["win32"],
      "cpu": ["x64"]
    },
    "@comark/html@0.4.0": {
      "integrity": "sha512-7/nc9y6AuECAeh3WwtvnsuTHaLaXy1FxMnI2BrD7ZCvZdQ+fTcP+WLL6Zlau79HxPrATkurp/uv3q9rJApkDbA==",
      "dependencies": [
        "comark"
      ]
    },
    "@emnapi/core@1.9.1": {
      "integrity": "sha512-mukuNALVsoix/w1BJwFzwXBN/dHeejQtuVzcDsfOEsdpCumXb/E9j8w11h5S54tT1xhifGfbbSm/ICrObRb3KA==",
      "dependencies": [
        "@emnapi/wasi-threads",
        "tslib"
      ]
    },
    "@emnapi/runtime@1.9.1": {
      "integrity": "sha512-VYi5+ZVLhpgK4hQ0TAjiQiZ6ol0oe4mBx7mVv7IflsiEp0OWoVsp/+f9Vc1hOhE0TtkORVrI1GvzyreqpgWtkA==",
      "dependencies": [
        "tslib"
      ]
    },
    "@emnapi/wasi-threads@1.2.0": {
      "integrity": "sha512-N10dEJNSsUx41Z6pZsXU8FjPjpBEplgH24sfkmITrBED1/U2Esum9F3lfLrMjKHHjmi557zQn7kR9R+XWXu5Rg==",
      "dependencies": [
        "tslib"
      ]
    },
    "@napi-rs/wasm-runtime@1.1.5_@emnapi+core@1.9.1_@emnapi+runtime@1.9.1": {
      "integrity": "sha512-AWPoBRJ9tsnVhor4sjO7rkni+7p+2IAEFj6cx06UgP10jkQHqay/36uRV/bFkgrh18D9vb4cr8Q0Pthskgzy+Q==",
      "dependencies": [
        "@emnapi/core",
        "@emnapi/runtime",
        "@tybys/wasm-util"
      ]
    },
    "@tybys/wasm-util@0.10.2": {
      "integrity": "sha512-RoBvJ2X0wuKlWFIjrwffGw1IqZHKQqzIchKaadZZfnNpsAYp2mM0h36JtPCjNDAHGgYez/15uMBpfGwchhiMgg==",
      "dependencies": [
        "tslib"
      ]
    },
    "@types/debug@4.1.13": {
      "integrity": "sha512-KSVgmQmzMwPlmtljOomayoR89W4FynCAi3E8PPs7vmDVPe84hT+vGPKkJfThkmXs0x0jAaa9U8uW8bbfyS2fWw==",
      "dependencies": [
        "@types/ms"
      ]
    },
    "@types/estree-jsx@1.0.5": {
      "integrity": "sha512-52CcUVNFyfb1A2ALocQw/Dd1BQFNmSdkuC3BkZ6iqhdMfQz7JWOFRuJFloOzjk+6WijU56m9oKXFAXc7o3Towg==",
      "dependencies": [
        "@types/estree"
      ]
    },
    "@types/estree@1.0.9": {
      "integrity": "sha512-GhdPgy1el4/ImP05X05Uw4cw2/M93BCUmnEvWZNStlCzEKME4Fkk+YpoA5OiHNQmoS7Cafb8Xa3Pya8m1Qrzeg=="
    },
    "@types/hast@3.0.4": {
      "integrity": "sha512-WPs+bbQw5aCj+x6laNGWLH3wviHtoCv/P3+otBhbOhJgG8qtpdAMlTCxLtsTWA7LH1Oh/bFCHsBn0TPS5m30EQ==",
      "dependencies": [
        "@types/unist"
      ]
    },
    "@types/linkify-it@5.0.0": {
      "integrity": "sha512-sVDA58zAw4eWAffKOaQH5/5j3XeayukzDk+ewSsnv3p4yJEZHCCzMDiZM8e0OUrRvmpGZ85jf4yDHkHsgBNr9Q=="
    },
    "@types/markdown-it-emoji@3.0.1": {
      "integrity": "sha512-cz1j8R35XivBqq9mwnsrP2fsz2yicLhB8+PDtuVkKOExwEdsVBNI+ROL3sbhtR5occRZ66vT0QnwFZCqdjf3pA==",
      "dependencies": [
        "@types/markdown-it"
      ]
    },
    "@types/markdown-it-footnote@3.0.4": {
      "integrity": "sha512-XJ6n+v+2u+2gmYLSHcxyoNT/YrgrKvHuDJQlykFjuxCQCr86P2/fx1V6/0lcKxv5cSIlCaJ6sUcNS3zDI7I+LA==",
      "dependencies": [
        "@types/markdown-it"
      ]
    },
    "@types/markdown-it@14.1.2": {
      "integrity": "sha512-promo4eFwuiW+TfGxhi+0x3czqTYJkG8qB17ZUJiVF10Xm7NLVRSLUsfRTU/6h1e24VvRnXCx+hG7li58lkzog==",
      "dependencies": [
        "@types/linkify-it",
        "@types/mdurl"
      ]
    },
    "@types/mdast@4.0.4": {
      "integrity": "sha512-kGaNbPh1k7AFzgpud/gMdvIm5xuECykRR+JnWKQno9TAXVa6WIVCGTPvYGekIDL4uwCZQSYbUxNBSb1aUo79oA==",
      "dependencies": [
        "@types/unist"
      ]
    },
    "@types/mdurl@2.0.0": {
      "integrity": "sha512-RGdgjQUZba5p6QEFAVx2OGb8rQDL/cPRG7GiedRzMcJ1tYnUANBncjbSB1NRGwbvjcPeikRABz2nshyPk1bhWg=="
    },
    "@types/ms@2.1.0": {
      "integrity": "sha512-GsCCIZDE/p3i96vtEqx+7dBUGXrc7zeSK3wwPHIaRThS+9OhWIXRqzs4d6k1SVU8g91DrNRWxWUGhp5KXQb2VA=="
    },
    "@types/nlcst@2.0.3": {
      "integrity": "sha512-vSYNSDe6Ix3q+6Z7ri9lyWqgGhJTmzRjZRqyq15N0Z/1/UnVsno9G/N40NBijoYx2seFDIl0+B2mgAb9mezUCA==",
      "dependencies": [
        "@types/unist"
      ]
    },
    "@types/unist@3.0.3": {
      "integrity": "sha512-ko/gIFJRv177XgZsZcBwnqJN5x/Gien8qNOn0D5bQU/zAzVf9Zt3BlcUiLqhV9y4ARk0GbT3tnUiPNgnTXzc/Q=="
    },
    "@ungap/structured-clone@1.3.1": {
      "integrity": "sha512-mUFwbeTqrVgDQxFveS+df2yfap6iuP20NAKAsBt5jDEoOTDew+zwLAOilHCeQJOVSvmgCX4ogqIrA0mnyr08yQ=="
    },
    "argparse@2.0.1": {
      "integrity": "sha512-8+9WqebbFzpX9OR+Wa6O29asIogeRMzcGtAINdpMHHyAg10f05aSFVBbcEqGf/PXw1EjAZ+q2/bEBg3DvurK3Q=="
    },
    "array-iterate@2.0.1": {
      "integrity": "sha512-I1jXZMjAgCMmxT4qxXfPXa6SthSoE8h6gkSI9BGGNv8mP8G/v0blc+qFnZu6K42vTOiuME596QaLO0TP3Lk0xg=="
    },
    "bail@2.0.2": {
      "integrity": "sha512-0xO6mYd7JB2YesxDKplafRpsiOzPt9V02ddPCLbY1xYGPOX24NTyN50qnUxgCPcSoYMhKpAuBTjQoRZCAkUDRw=="
    },
    "ccount@2.0.1": {
      "integrity": "sha512-eyrF0jiFpY+3drT6383f1qhkbGsLSifNAjA61IUjZjmLCWjItY6LB9ft9YhoDgwfmclB2zhu51Lc7+95b8NRAg=="
    },
    "character-entities-html4@2.1.0": {
      "integrity": "sha512-1v7fgQRj6hnSwFpq1Eu0ynr/CDEw0rXo2B61qXrLNdHZmPKgb7fqS1a2JwF0rISo9q77jDI8VMEHoApn8qDoZA=="
    },
    "character-entities-legacy@3.0.0": {
      "integrity": "sha512-RpPp0asT/6ufRm//AJVwpViZbGM/MkjQFxJccQRHmISF/22NBtsHqAWmL+/pmkPWoIUJdWyeVleTl1wydHATVQ=="
    },
    "character-entities@2.0.2": {
      "integrity": "sha512-shx7oQ0Awen/BRIdkjkvz54PnEEI/EjwXDSIZp86/KKdbafHh1Df/RYGBhn4hbe2+uKC9FnT5UCEdyPz3ai9hQ=="
    },
    "comark@0.4.0": {
      "integrity": "sha512-s+wZc9FDgxJDxS3oLhDhthuc8EFggd7oEQaGKEFSw/UbECEwM3qMgW/T3dk6eoNTuy+PNSAyPQtjyKZJfudlbA==",
      "dependencies": [
        "entities@8.0.0",
        "htmlparser2",
        "js-yaml",
        "markdown-exit@1.0.0-beta.9"
      ]
    },
    "comma-separated-tokens@2.0.3": {
      "integrity": "sha512-Fu4hJdvzeylCfQPp9SGWidpzrMs7tTrlu6Vb8XGaRGck8QSNZJJp538Wrb60Lax4fPwR64ViY468OIUTbRlGZg=="
    },
    "debug@4.4.3": {
      "integrity": "sha512-RGwwWnwQvkVfavKVt22FGLw+xYSdzARwm0ru6DhTVA3umU5hZc28V3kO4stgYryrTlLpuvgI9GiijltAjNbcqA==",
      "dependencies": [
        "ms"
      ]
    },
    "decode-named-character-reference@1.3.0": {
      "integrity": "sha512-GtpQYB283KrPp6nRw50q3U9/VfOutZOe103qlN7BPP6Ad27xYnOIWv4lPzo8HCAL+mMZofJ9KEy30fq6MfaK6Q==",
      "dependencies": [
        "character-entities"
      ]
    },
    "dequal@2.0.3": {
      "integrity": "sha512-0je+qPKHEMohvfRTCEo3CrPG6cAzAYgmzKyxRiYSSDkS6eGJdyVJm7WaYA5ECaAD9wLB2T4EEeymA5aFVcYXCA=="
    },
    "devlop@1.1.0": {
      "integrity": "sha512-RWmIqhcFf1lRYBvNmr7qTNuyCt/7/ns2jbpp1+PalgE/rDQcBT0fioSMUpJ93irlUhC5hrg4cYqe6U+0ImW0rA==",
      "dependencies": [
        "dequal"
      ]
    },
    "dom-serializer@3.1.1": {
      "integrity": "sha512-4MEa38/QexBob6gFNwu+EGdWvhJ1OKuNwdYY3Y3NyeWDQfnGeDYQUDfIRzWu5B5gsv03so2Uxd28YC6zrsx3Lw==",
      "dependencies": [
        "domelementtype",
        "domhandler",
        "entities@8.0.0"
      ]
    },
    "domelementtype@3.0.0": {
      "integrity": "sha512-umCQid3jKbDmVjx8jGaW7uUykm4DEUeyV21hPxNMo2nV955DhUThwqyOIDtreepP31hl84X7G5U9ZfsWvIB3Pg=="
    },
    "domhandler@6.0.1": {
      "integrity": "sha512-gYzvtM72ZtxQO0T048kd6HWSbbGCNOUwcnfQ01cqIJ4X2IYKFFHZ5mKvrQETcFXxsRObZulDaKmy//R7TPtsBg==",
      "dependencies": [
        "domelementtype"
      ]
    },
    "domutils@4.0.2": {
      "integrity": "sha512-qI4JLRKnSzqFqr7hAlS5xQDusBCjKSEG4t4+7aNrIQMHBcsC2TGEhuyABJdYkgSewL57PNLYEiibY2iPKhKpaA==",
      "dependencies": [
        "dom-serializer",
        "domelementtype",
        "domhandler"
      ]
    },
    "entities@4.5.0": {
      "integrity": "sha512-V0hjH4dGPh9Ao5p0MoRY6BVqtwCjhz6vI5LT8AJ55H+4g9/4vbHx1I54fS0XuclLhDHArPQCiMjDxjaL8fPxhw=="
    },
    "entities@7.0.1": {
      "integrity": "sha512-TWrgLOFUQTH994YUyl1yT4uyavY5nNB5muff+RtWaqNVCAK408b5ZnnbNAUEWLTCpum9w6arT70i1XdQ4UeOPA=="
    },
    "entities@8.0.0": {
      "integrity": "sha512-zwfzJecQ/Uej6tusMqwAqU/6KL2XaB2VZ2Jg54Je6ahNBGNH6Ek6g3jjNCF0fG9EWQKGZNddNjU5F1ZQn/sBnA=="
    },
    "escape-string-regexp@5.0.0": {
      "integrity": "sha512-/veY75JbMK4j1yjvuUxuVsiS/hr/4iHs9FTT6cgTexxdE0Ly/glccBAkloH/DofkjRbZU3bnoj38mOmhkZ0lHw=="
    },
    "extend@3.0.2": {
      "integrity": "sha512-fjquC59cD7CyW6urNXK0FBufkZcoiGG80wTuPujX590cB5Ttln20E2UB4S/WARVqhXffZl2LNgS+gQdPIIim/g=="
    },
    "gemoji@8.1.0": {
      "integrity": "sha512-HA4Gx59dw2+tn+UAa7XEV4ufUKI4fH1KgcbenVA9YKSj1QJTT0xh5Mwv5HMFNN3l2OtUe3ZIfuRwSyZS5pLIWw=="
    },
    "github-slugger@2.0.0": {
      "integrity": "sha512-IaOQ9puYtjrkq7Y0Ygl9KDZnrf/aiUJYUpVf89y8kyaxbRG7Y1SrX/jaumrv81vc61+kiMempujsM3Yw7w5qcw=="
    },
    "hast-util-heading-rank@3.0.0": {
      "integrity": "sha512-EJKb8oMUXVHcWZTDepnr+WNbfnXKFNf9duMesmr4S8SXTJBJ9M4Yok08pu9vxdJwdlGRhVumk9mEhkEvKGifwA==",
      "dependencies": [
        "@types/hast"
      ]
    },
    "hast-util-to-html@9.0.5": {
      "integrity": "sha512-OguPdidb+fbHQSU4Q4ZiLKnzWo8Wwsf5bZfbvu7//a9oTYoqD/fWpe96NuHkoS9h0ccGOTe0C4NGXdtS0iObOw==",
      "dependencies": [
        "@types/hast",
        "@types/unist",
        "ccount",
        "comma-separated-tokens",
        "hast-util-whitespace",
        "html-void-elements",
        "mdast-util-to-hast",
        "property-information",
        "space-separated-tokens",
        "stringify-entities",
        "zwitch"
      ]
    },
    "hast-util-to-string@3.0.1": {
      "integrity": "sha512-XelQVTDWvqcl3axRfI0xSeoVKzyIFPwsAGSLIsKdJKQMXDYJS4WYrBNF/8J7RdhIcFI2BOHgAifggsvsxp/3+A==",
      "dependencies": [
        "@types/hast"
      ]
    },
    "hast-util-whitespace@3.0.0": {
      "integrity": "sha512-88JUN06ipLwsnv+dVn+OIYOvAuvBMy/Qoi6O7mQHxdPXpjy+Cd6xRkWwux7DKO+4sYILtLBRIKgsdpS2gQc7qw==",
      "dependencies": [
        "@types/hast"
      ]
    },
    "html-void-elements@3.0.0": {
      "integrity": "sha512-bEqo66MRXsUGxWHV5IP0PUiAWwoEjba4VCzg0LjFJBpchPaTfyfCKTG6bc5F8ucKec3q5y6qOdGyYTSBEvhCrg=="
    },
    "htmlparser2@12.0.0": {
      "integrity": "sha512-Tz7u1i95/g2x2jz81+x0FBVhBhY5aRTvD3tXXdFaljuNdzDLJ8UGNRrTcj2cgQvAg3iW/h77Fz15nLW0L0CrZw==",
      "dependencies": [
        "domelementtype",
        "domhandler",
        "domutils",
        "entities@8.0.0"
      ]
    },
    "is-plain-obj@4.1.0": {
      "integrity": "sha512-+Pgi+vMuUNkJyExiMBt5IlFoMyKnr5zhJ4Uspz58WOhBF5QoIZkFyNHIbBAtHwzVAgk5RtndVNsDRN61/mmDqg=="
    },
    "js-yaml@4.2.0": {
      "integrity": "sha512-ePWsvanv0DWuDRsW8dnt+R4jQ31SCRCQ7hhNcPXZPsoBZiemuZNYGf7adZdqX2D86j6rvKp3RpCxVTSb8WQlOw==",
      "dependencies": [
        "argparse"
      ],
      "bin": true
    },
    "linkify-it@5.0.1": {
      "integrity": "sha512-wVoTjP4Q6R0NW5hiZkVJaFZPWgtXfoGF+6LucL3/FtiNjmcHhYjEr5f1Kqjirc1nBW07J/ZuRFumqr2oqccEWg==",
      "dependencies": [
        "uc.micro"
      ]
    },
    "longest-streak@3.1.0": {
      "integrity": "sha512-9Ri+o0JYgehTaVBBDoMqIl8GXtbWg711O3srftcHhZ0dqnETqLaoIK0x17fUw9rFSlK/0NlsKe0Ahhyl5pXE2g=="
    },
    "markdown-exit@1.0.0-beta.9": {
      "integrity": "sha512-5tzrMKMF367amyBly131vm6eGuWRL2DjBqWaFmPzPbLyuxP0XOmyyyroOAIXuBAMF/3kZbbfqOxvW/SotqKqbQ==",
      "dependencies": [
        "@types/linkify-it",
        "@types/mdurl",
        "entities@7.0.1",
        "linkify-it",
        "mdurl",
        "punycode.js",
        "uc.micro"
      ]
    },
    "markdown-exit@1.1.0-beta.2": {
      "integrity": "sha512-8CzMGVlFZ4DEfnc8KU+4ycUW2SIOuiXqCHD7z51ecVEi/weyc0f2ylQbCm4KoKuVlTZSuMUMnWT0hTyquZ7anQ==",
      "dependencies": [
        "@types/linkify-it",
        "@types/mdurl",
        "entities@7.0.1",
        "linkify-it",
        "mdurl",
        "punycode.js",
        "uc.micro"
      ]
    },
    "markdown-it-anchor@9.2.0_@types+markdown-it@14.1.2_markdown-it@14.2.0": {
      "integrity": "sha512-sa2ErMQ6kKOA4l31gLGYliFQrMKkqSO0ZJgGhDHKijPf0pNFM9vghjAh3gn26pS4JDRs7Iwa9S36gxm3vgZTzg==",
      "dependencies": [
        "@types/markdown-it",
        "markdown-it"
      ]
    },
    "markdown-it-emoji@3.0.0": {
      "integrity": "sha512-+rUD93bXHubA4arpEZO3q80so0qgoFJEKRkRbjKX8RTdca89v2kfyF+xR3i2sQTwql9tpPZPOQN5B+PunspXRg=="
    },
    "markdown-it-footnote@4.0.0": {
      "integrity": "sha512-WYJ7urf+khJYl3DqofQpYfEYkZKbmXmwxQV8c8mO/hGIhgZ1wOe7R4HLFNwqx7TjILbnC98fuyeSsin19JdFcQ=="
    },
    "markdown-it@14.2.0": {
      "integrity": "sha512-1TGiQiJVRQ3NPmZH6sx5Cfnmg6GQm9jvC1ch4TK511NjSJvjzKLzn5pPfZRNZkRPZP0HqCioSndqH8v2nRaWVQ==",
      "dependencies": [
        "argparse",
        "entities@4.5.0",
        "linkify-it",
        "mdurl",
        "punycode.js",
        "uc.micro"
      ],
      "bin": true
    },
    "markdown-table@3.0.4": {
      "integrity": "sha512-wiYz4+JrLyb/DqW2hkFJxP7Vd7JuTDm77fvbM8VfEQdmSMqcImWeeRbHwZjBjIFki/VaMK2BhFi7oUUZeM5bqw=="
    },
    "marked-emoji@2.0.3_marked@18.0.5": {
      "integrity": "sha512-fChW/AfUqCHgoEC1nFDgiw3OR/qsi71/QXH/HTo05yd6B5+T+VHh1SqCpn/HpeGLDxkA+MK4+hr4eULB2/A8Jw==",
      "dependencies": [
        "marked"
      ]
    },
    "marked-footnote@1.4.0_marked@18.0.5": {
      "integrity": "sha512-fZTxAhI1TcLEs5UOjCfYfTHpyKGaWQevbxaGTEA68B51l7i87SctPFtHETYqPkEN0ka5opvy4Dy1l/yXVC+hmg==",
      "dependencies": [
        "marked"
      ]
    },
    "marked-gfm-heading-id@4.1.4_marked@18.0.5": {
      "integrity": "sha512-CspnvVfHSkb/znqdPS4jUR8HtCjq3M/DnrsJCrfLBLvdrgbemmoINKpeWKQYkBiXAoBGejw0cV7xzqrPdup3WA==",
      "dependencies": [
        "github-slugger",
        "marked"
      ]
    },
    "marked-smartypants@1.1.12_marked@18.0.5": {
      "integrity": "sha512-Z0QL2GpihbSeG5aaCrQxMEoqvngMftF/gq1SrdlCnbecUSrX3HYgPtCZzCW+OyNe2ideQqaFdxfGryqQX1MBDA==",
      "dependencies": [
        "marked",
        "smartypants"
      ]
    },
    "marked@18.0.5": {
      "integrity": "sha512-S6GcvALHg6K4ohtu4E7x0a1AqhAjp6cV8KhLSyN9qVapnzJkusVBxZRcIU9AeYsbe6P1hKDusSbEOzGyyuce6w==",
      "bin": true
    },
    "mdast-util-find-and-replace@3.0.2": {
      "integrity": "sha512-Tmd1Vg/m3Xz43afeNxDIhWRtFZgM2VLyaf4vSTYwudTyeuTneoL3qtWMA5jeLyz/O1vDJmmV4QuScFCA2tBPwg==",
      "dependencies": [
        "@types/mdast",
        "escape-string-regexp",
        "unist-util-is",
        "unist-util-visit-parents"
      ]
    },
    "mdast-util-from-markdown@2.0.3": {
      "integrity": "sha512-W4mAWTvSlKvf8L6J+VN9yLSqQ9AOAAvHuoDAmPkz4dHf553m5gVj2ejadHJhoJmcmxEnOv6Pa8XJhpxE93kb8Q==",
      "dependencies": [
        "@types/mdast",
        "@types/unist",
        "decode-named-character-reference",
        "devlop",
        "mdast-util-to-string",
        "micromark",
        "micromark-util-decode-numeric-character-reference",
        "micromark-util-decode-string",
        "micromark-util-normalize-identifier",
        "micromark-util-symbol",
        "micromark-util-types",
        "unist-util-stringify-position"
      ]
    },
    "mdast-util-gfm-autolink-literal@2.0.1": {
      "integrity": "sha512-5HVP2MKaP6L+G6YaxPNjuL0BPrq9orG3TsrZ9YXbA3vDw/ACI4MEsnoDpn6ZNm7GnZgtAcONJyPhOP8tNJQavQ==",
      "dependencies": [
        "@types/mdast",
        "ccount",
        "devlop",
        "mdast-util-find-and-replace",
        "micromark-util-character"
      ]
    },
    "mdast-util-gfm-footnote@2.1.0": {
      "integrity": "sha512-sqpDWlsHn7Ac9GNZQMeUzPQSMzR6Wv0WKRNvQRg0KqHh02fpTz69Qc1QSseNX29bhz1ROIyNyxExfawVKTm1GQ==",
      "dependencies": [
        "@types/mdast",
        "devlop",
        "mdast-util-from-markdown",
        "mdast-util-to-markdown",
        "micromark-util-normalize-identifier"
      ]
    },
    "mdast-util-gfm-strikethrough@2.0.0": {
      "integrity": "sha512-mKKb915TF+OC5ptj5bJ7WFRPdYtuHv0yTRxK2tJvi+BDqbkiG7h7u/9SI89nRAYcmap2xHQL9D+QG/6wSrTtXg==",
      "dependencies": [
        "@types/mdast",
        "mdast-util-from-markdown",
        "mdast-util-to-markdown"
      ]
    },
    "mdast-util-gfm-table@2.0.0": {
      "integrity": "sha512-78UEvebzz/rJIxLvE7ZtDd/vIQ0RHv+3Mh5DR96p7cS7HsBhYIICDBCu8csTNWNO6tBWfqXPWekRuj2FNOGOZg==",
      "dependencies": [
        "@types/mdast",
        "devlop",
        "markdown-table",
        "mdast-util-from-markdown",
        "mdast-util-to-markdown"
      ]
    },
    "mdast-util-gfm-task-list-item@2.0.0": {
      "integrity": "sha512-IrtvNvjxC1o06taBAVJznEnkiHxLFTzgonUdy8hzFVeDun0uTjxxrRGVaNFqkU1wJR3RBPEfsxmU6jDWPofrTQ==",
      "dependencies": [
        "@types/mdast",
        "devlop",
        "mdast-util-from-markdown",
        "mdast-util-to-markdown"
      ]
    },
    "mdast-util-gfm@3.1.0": {
      "integrity": "sha512-0ulfdQOM3ysHhCJ1p06l0b0VKlhU0wuQs3thxZQagjcjPrlFRqY215uZGHHJan9GEAXd9MbfPjFJz+qMkVR6zQ==",
      "dependencies": [
        "mdast-util-from-markdown",
        "mdast-util-gfm-autolink-literal",
        "mdast-util-gfm-footnote",
        "mdast-util-gfm-strikethrough",
        "mdast-util-gfm-table",
        "mdast-util-gfm-task-list-item",
        "mdast-util-to-markdown"
      ]
    },
    "mdast-util-phrasing@4.1.0": {
      "integrity": "sha512-TqICwyvJJpBwvGAMZjj4J2n0X8QWp21b9l0o7eXyVJ25YNWYbJDVIyD1bZXE6WtV6RmKJVYmQAKWa0zWOABz2w==",
      "dependencies": [
        "@types/mdast",
        "unist-util-is"
      ]
    },
    "mdast-util-to-hast@13.2.1": {
      "integrity": "sha512-cctsq2wp5vTsLIcaymblUriiTcZd0CwWtCbLvrOzYCDZoWyMNV8sZ7krj09FSnsiJi3WVsHLM4k6Dq/yaPyCXA==",
      "dependencies": [
        "@types/hast",
        "@types/mdast",
        "@ungap/structured-clone",
        "devlop",
        "micromark-util-sanitize-uri",
        "trim-lines",
        "unist-util-position",
        "unist-util-visit",
        "vfile"
      ]
    },
    "mdast-util-to-markdown@2.1.2": {
      "integrity": "sha512-xj68wMTvGXVOKonmog6LwyJKrYXZPvlwabaryTjLh9LuvovB/KAH+kvi8Gjj+7rJjsFi23nkUxRQv1KqSroMqA==",
      "dependencies": [
        "@types/mdast",
        "@types/unist",
        "longest-streak",
        "mdast-util-phrasing",
        "mdast-util-to-string",
        "micromark-util-classify-character",
        "micromark-util-decode-string",
        "unist-util-visit",
        "zwitch"
      ]
    },
    "mdast-util-to-string@4.0.0": {
      "integrity": "sha512-0H44vDimn51F0YwvxSJSm0eCDOJTRlmN0R1yBh4HLj9wiV1Dn0QoXGbvFAWj2hSItVTlCmBF1hqKlIyUBVFLPg==",
      "dependencies": [
        "@types/mdast"
      ]
    },
    "mdurl@2.0.0": {
      "integrity": "sha512-Lf+9+2r+Tdp5wXDXC4PcIBjTDtq4UKjCPMQhKIuzpJNW0b96kVqSwW0bT7FhRSfmAiFYgP+SCRvdrDozfh0U5w=="
    },
    "micromark-core-commonmark@2.0.3": {
      "integrity": "sha512-RDBrHEMSxVFLg6xvnXmb1Ayr2WzLAWjeSATAoxwKYJV94TeNavgoIdA0a9ytzDSVzBy2YKFK+emCPOEibLeCrg==",
      "dependencies": [
        "decode-named-character-reference",
        "devlop",
        "micromark-factory-destination",
        "micromark-factory-label",
        "micromark-factory-space",
        "micromark-factory-title",
        "micromark-factory-whitespace",
        "micromark-util-character",
        "micromark-util-chunked",
        "micromark-util-classify-character",
        "micromark-util-html-tag-name",
        "micromark-util-normalize-identifier",
        "micromark-util-resolve-all",
        "micromark-util-subtokenize",
        "micromark-util-symbol",
        "micromark-util-types"
      ]
    },
    "micromark-extension-gfm-autolink-literal@2.1.0": {
      "integrity": "sha512-oOg7knzhicgQ3t4QCjCWgTmfNhvQbDDnJeVu9v81r7NltNCVmhPy1fJRX27pISafdjL+SVc4d3l48Gb6pbRypw==",
      "dependencies": [
        "micromark-util-character",
        "micromark-util-sanitize-uri",
        "micromark-util-symbol",
        "micromark-util-types"
      ]
    },
    "micromark-extension-gfm-footnote@2.1.0": {
      "integrity": "sha512-/yPhxI1ntnDNsiHtzLKYnE3vf9JZ6cAisqVDauhp4CEHxlb4uoOTxOCJ+9s51bIB8U1N1FJ1RXOKTIlD5B/gqw==",
      "dependencies": [
        "devlop",
        "micromark-core-commonmark",
        "micromark-factory-space",
        "micromark-util-character",
        "micromark-util-normalize-identifier",
        "micromark-util-sanitize-uri",
        "micromark-util-symbol",
        "micromark-util-types"
      ]
    },
    "micromark-extension-gfm-strikethrough@2.1.0": {
      "integrity": "sha512-ADVjpOOkjz1hhkZLlBiYA9cR2Anf8F4HqZUO6e5eDcPQd0Txw5fxLzzxnEkSkfnD0wziSGiv7sYhk/ktvbf1uw==",
      "dependencies": [
        "devlop",
        "micromark-util-chunked",
        "micromark-util-classify-character",
        "micromark-util-resolve-all",
        "micromark-util-symbol",
        "micromark-util-types"
      ]
    },
    "micromark-extension-gfm-table@2.1.1": {
      "integrity": "sha512-t2OU/dXXioARrC6yWfJ4hqB7rct14e8f7m0cbI5hUmDyyIlwv5vEtooptH8INkbLzOatzKuVbQmAYcbWoyz6Dg==",
      "dependencies": [
        "devlop",
        "micromark-factory-space",
        "micromark-util-character",
        "micromark-util-symbol",
        "micromark-util-types"
      ]
    },
    "micromark-extension-gfm-tagfilter@2.0.0": {
      "integrity": "sha512-xHlTOmuCSotIA8TW1mDIM6X2O1SiX5P9IuDtqGonFhEK0qgRI4yeC6vMxEV2dgyr2TiD+2PQ10o+cOhdVAcwfg==",
      "dependencies": [
        "micromark-util-types"
      ]
    },
    "micromark-extension-gfm-task-list-item@2.1.0": {
      "integrity": "sha512-qIBZhqxqI6fjLDYFTBIa4eivDMnP+OZqsNwmQ3xNLE4Cxwc+zfQEfbs6tzAo2Hjq+bh6q5F+Z8/cksrLFYWQQw==",
      "dependencies": [
        "devlop",
        "micromark-factory-space",
        "micromark-util-character",
        "micromark-util-symbol",
        "micromark-util-types"
      ]
    },
    "micromark-extension-gfm@3.0.0": {
      "integrity": "sha512-vsKArQsicm7t0z2GugkCKtZehqUm31oeGBV/KVSorWSy8ZlNAv7ytjFhvaryUiCUJYqs+NoE6AFhpQvBTM6Q4w==",
      "dependencies": [
        "micromark-extension-gfm-autolink-literal",
        "micromark-extension-gfm-footnote",
        "micromark-extension-gfm-strikethrough",
        "micromark-extension-gfm-table",
        "micromark-extension-gfm-tagfilter",
        "micromark-extension-gfm-task-list-item",
        "micromark-util-combine-extensions",
        "micromark-util-types"
      ]
    },
    "micromark-factory-destination@2.0.1": {
      "integrity": "sha512-Xe6rDdJlkmbFRExpTOmRj9N3MaWmbAgdpSrBQvCFqhezUn4AHqJHbaEnfbVYYiexVSs//tqOdY/DxhjdCiJnIA==",
      "dependencies": [
        "micromark-util-character",
        "micromark-util-symbol",
        "micromark-util-types"
      ]
    },
    "micromark-factory-label@2.0.1": {
      "integrity": "sha512-VFMekyQExqIW7xIChcXn4ok29YE3rnuyveW3wZQWWqF4Nv9Wk5rgJ99KzPvHjkmPXF93FXIbBp6YdW3t71/7Vg==",
      "dependencies": [
        "devlop",
        "micromark-util-character",
        "micromark-util-symbol",
        "micromark-util-types"
      ]
    },
    "micromark-factory-space@2.0.1": {
      "integrity": "sha512-zRkxjtBxxLd2Sc0d+fbnEunsTj46SWXgXciZmHq0kDYGnck/ZSGj9/wULTV95uoeYiK5hRXP2mJ98Uo4cq/LQg==",
      "dependencies": [
        "micromark-util-character",
        "micromark-util-types"
      ]
    },
    "micromark-factory-title@2.0.1": {
      "integrity": "sha512-5bZ+3CjhAd9eChYTHsjy6TGxpOFSKgKKJPJxr293jTbfry2KDoWkhBb6TcPVB4NmzaPhMs1Frm9AZH7OD4Cjzw==",
      "dependencies": [
        "micromark-factory-space",
        "micromark-util-character",
        "micromark-util-symbol",
        "micromark-util-types"
      ]
    },
    "micromark-factory-whitespace@2.0.1": {
      "integrity": "sha512-Ob0nuZ3PKt/n0hORHyvoD9uZhr+Za8sFoP+OnMcnWK5lngSzALgQYKMr9RJVOWLqQYuyn6ulqGWSXdwf6F80lQ==",
      "dependencies": [
        "micromark-factory-space",
        "micromark-util-character",
        "micromark-util-symbol",
        "micromark-util-types"
      ]
    },
    "micromark-util-character@2.1.1": {
      "integrity": "sha512-wv8tdUTJ3thSFFFJKtpYKOYiGP2+v96Hvk4Tu8KpCAsTMs6yi+nVmGh1syvSCsaxz45J6Jbw+9DD6g97+NV67Q==",
      "dependencies": [
        "micromark-util-symbol",
        "micromark-util-types"
      ]
    },
    "micromark-util-chunked@2.0.1": {
      "integrity": "sha512-QUNFEOPELfmvv+4xiNg2sRYeS/P84pTW0TCgP5zc9FpXetHY0ab7SxKyAQCNCc1eK0459uoLI1y5oO5Vc1dbhA==",
      "dependencies": [
        "micromark-util-symbol"
      ]
    },
    "micromark-util-classify-character@2.0.1": {
      "integrity": "sha512-K0kHzM6afW/MbeWYWLjoHQv1sgg2Q9EccHEDzSkxiP/EaagNzCm7T/WMKZ3rjMbvIpvBiZgwR3dKMygtA4mG1Q==",
      "dependencies": [
        "micromark-util-character",
        "micromark-util-symbol",
        "micromark-util-types"
      ]
    },
    "micromark-util-combine-extensions@2.0.1": {
      "integrity": "sha512-OnAnH8Ujmy59JcyZw8JSbK9cGpdVY44NKgSM7E9Eh7DiLS2E9RNQf0dONaGDzEG9yjEl5hcqeIsj4hfRkLH/Bg==",
      "dependencies": [
        "micromark-util-chunked",
        "micromark-util-types"
      ]
    },
    "micromark-util-decode-numeric-character-reference@2.0.2": {
      "integrity": "sha512-ccUbYk6CwVdkmCQMyr64dXz42EfHGkPQlBj5p7YVGzq8I7CtjXZJrubAYezf7Rp+bjPseiROqe7G6foFd+lEuw==",
      "dependencies": [
        "micromark-util-symbol"
      ]
    },
    "micromark-util-decode-string@2.0.1": {
      "integrity": "sha512-nDV/77Fj6eH1ynwscYTOsbK7rR//Uj0bZXBwJZRfaLEJ1iGBR6kIfNmlNqaqJf649EP0F3NWNdeJi03elllNUQ==",
      "dependencies": [
        "decode-named-character-reference",
        "micromark-util-character",
        "micromark-util-decode-numeric-character-reference",
        "micromark-util-symbol"
      ]
    },
    "micromark-util-encode@2.0.1": {
      "integrity": "sha512-c3cVx2y4KqUnwopcO9b/SCdo2O67LwJJ/UyqGfbigahfegL9myoEFoDYZgkT7f36T0bLrM9hZTAaAyH+PCAXjw=="
    },
    "micromark-util-html-tag-name@2.0.1": {
      "integrity": "sha512-2cNEiYDhCWKI+Gs9T0Tiysk136SnR13hhO8yW6BGNyhOC4qYFnwF1nKfD3HFAIXA5c45RrIG1ub11GiXeYd1xA=="
    },
    "micromark-util-normalize-identifier@2.0.1": {
      "integrity": "sha512-sxPqmo70LyARJs0w2UclACPUUEqltCkJ6PhKdMIDuJ3gSf/Q+/GIe3WKl0Ijb/GyH9lOpUkRAO2wp0GVkLvS9Q==",
      "dependencies": [
        "micromark-util-symbol"
      ]
    },
    "micromark-util-resolve-all@2.0.1": {
      "integrity": "sha512-VdQyxFWFT2/FGJgwQnJYbe1jjQoNTS4RjglmSjTUlpUMa95Htx9NHeYW4rGDJzbjvCsl9eLjMQwGeElsqmzcHg==",
      "dependencies": [
        "micromark-util-types"
      ]
    },
    "micromark-util-sanitize-uri@2.0.1": {
      "integrity": "sha512-9N9IomZ/YuGGZZmQec1MbgxtlgougxTodVwDzzEouPKo3qFWvymFHWcnDi2vzV1ff6kas9ucW+o3yzJK9YB1AQ==",
      "dependencies": [
        "micromark-util-character",
        "micromark-util-encode",
        "micromark-util-symbol"
      ]
    },
    "micromark-util-subtokenize@2.1.0": {
      "integrity": "sha512-XQLu552iSctvnEcgXw6+Sx75GflAPNED1qx7eBJ+wydBb2KCbRZe+NwvIEEMM83uml1+2WSXpBAcp9IUCgCYWA==",
      "dependencies": [
        "devlop",
        "micromark-util-chunked",
        "micromark-util-symbol",
        "micromark-util-types"
      ]
    },
    "micromark-util-symbol@2.0.1": {
      "integrity": "sha512-vs5t8Apaud9N28kgCrRUdEed4UJ+wWNvicHLPxCa9ENlYuAY31M0ETy5y1vA33YoNPDFTghEbnh6efaE8h4x0Q=="
    },
    "micromark-util-types@2.0.2": {
      "integrity": "sha512-Yw0ECSpJoViF1qTU4DC6NwtC4aWGt1EkzaQB8KPPyCRR8z9TWeV0HbEFGTO+ZY1wB22zmxnJqhPyTpOVCpeHTA=="
    },
    "micromark@4.0.2": {
      "integrity": "sha512-zpe98Q6kvavpCr1NPVSCMebCKfD7CA2NqZ+rykeNhONIJBpc1tFKt9hucLGwha3jNTNI8lHpctWJWoimVF4PfA==",
      "dependencies": [
        "@types/debug",
        "debug",
        "decode-named-character-reference",
        "devlop",
        "micromark-core-commonmark",
        "micromark-factory-space",
        "micromark-util-character",
        "micromark-util-chunked",
        "micromark-util-combine-extensions",
        "micromark-util-decode-numeric-character-reference",
        "micromark-util-encode",
        "micromark-util-normalize-identifier",
        "micromark-util-resolve-all",
        "micromark-util-sanitize-uri",
        "micromark-util-subtokenize",
        "micromark-util-symbol",
        "micromark-util-types"
      ]
    },
    "ms@2.1.3": {
      "integrity": "sha512-6FlzubTLZG3J2a/NVCAleEhjzq5oxgHyaCU9yYXvcLsvoVaHJq/s5xXI6/XXP6tz7R9xAOtHnSO/tXtF3WRTlA=="
    },
    "nlcst-to-string@4.0.0": {
      "integrity": "sha512-YKLBCcUYKAg0FNlOBT6aI91qFmSiFKiluk655WzPF+DDMA02qIyy8uiRqI8QXtcFpEvll12LpL5MXqEmAZ+dcA==",
      "dependencies": [
        "@types/nlcst"
      ]
    },
    "parse-latin@7.0.0": {
      "integrity": "sha512-mhHgobPPua5kZ98EF4HWiH167JWBfl4pvAIXXdbaVohtK7a6YBOy56kvhCqduqyo/f3yrHFWmqmiMg/BkBkYYQ==",
      "dependencies": [
        "@types/nlcst",
        "@types/unist",
        "nlcst-to-string",
        "unist-util-modify-children",
        "unist-util-visit-children",
        "vfile"
      ]
    },
    "property-information@7.2.0": {
      "integrity": "sha512-IAtzIB6sUiWaJYrX9smp3V46pBGbBeLFRGdh25kg1334VcBlD8HzhPeNIWQH9zhGmo2itIe25EHt9dQP7G5hmg=="
    },
    "punycode.js@2.3.1": {
      "integrity": "sha512-uxFIHU0YlHYhDQtV4R9J6a52SLx28BCjT+4ieh7IGbgwVJWO+km431c4yRlREUAsAmt/uMjQUyQHNEPf0M39CA=="
    },
    "rehype-slug@6.0.0": {
      "integrity": "sha512-lWyvf/jwu+oS5+hL5eClVd3hNdmwM1kAC0BUvEGD19pajQMIzcNUd/k9GsfQ+FfECvX+JE+e9/btsKH0EjJT6A==",
      "dependencies": [
        "@types/hast",
        "github-slugger",
        "hast-util-heading-rank",
        "hast-util-to-string",
        "unist-util-visit"
      ]
    },
    "rehype-stringify@10.0.1": {
      "integrity": "sha512-k9ecfXHmIPuFVI61B9DeLPN0qFHfawM6RsuX48hoqlaKSF61RskNjSm1lI8PhBEM0MRdLxVVm4WmTqJQccH9mA==",
      "dependencies": [
        "@types/hast",
        "hast-util-to-html",
        "unified"
      ]
    },
    "remark-gemoji@8.0.0": {
      "integrity": "sha512-/fL9rc72FYwFGtOKcT+QeQdx9Q9t5v4N6KLXSDOTEgaedzK85I9judBqB2eqz+g4b0ERMejlwSOuPK+wket6aA==",
      "dependencies": [
        "@types/mdast",
        "gemoji",
        "mdast-util-find-and-replace"
      ]
    },
    "remark-gfm@4.0.1": {
      "integrity": "sha512-1quofZ2RQ9EWdeN34S79+KExV1764+wCUGop5CPL1WGdD0ocPpu91lzPGbwWMECpEpd42kJGQwzRfyov9j4yNg==",
      "dependencies": [
        "@types/mdast",
        "mdast-util-gfm",
        "micromark-extension-gfm",
        "remark-parse",
        "remark-stringify",
        "unified"
      ]
    },
    "remark-parse@11.0.0": {
      "integrity": "sha512-FCxlKLNGknS5ba/1lmpYijMUzX2esxW5xQqjWxw2eHFfS2MSdaHVINFmhjo+qN1WhZhNimq0dZATN9pH0IDrpA==",
      "dependencies": [
        "@types/mdast",
        "mdast-util-from-markdown",
        "micromark-util-types",
        "unified"
      ]
    },
    "remark-rehype@11.1.2": {
      "integrity": "sha512-Dh7l57ianaEoIpzbp0PC9UKAdCSVklD8E5Rpw7ETfbTl3FqcOOgq5q2LVDhgGCkaBv7p24JXikPdvhhmHvKMsw==",
      "dependencies": [
        "@types/hast",
        "@types/mdast",
        "mdast-util-to-hast",
        "unified",
        "vfile"
      ]
    },
    "remark-smartypants@3.0.2": {
      "integrity": "sha512-ILTWeOriIluwEvPjv67v7Blgrcx+LZOkAUVtKI3putuhlZm84FnqDORNXPPm+HY3NdZOMhyDwZ1E+eZB/Df5dA==",
      "dependencies": [
        "retext",
        "retext-smartypants",
        "unified",
        "unist-util-visit"
      ]
    },
    "remark-stringify@11.0.0": {
      "integrity": "sha512-1OSmLd3awB/t8qdoEOMazZkNsfVTeY4fTsgzcQFdXNq8ToTN4ZGwrMnlda4K6smTFKD+GRV6O48i6Z4iKgPPpw==",
      "dependencies": [
        "@types/mdast",
        "mdast-util-to-markdown",
        "unified"
      ]
    },
    "retext-latin@4.0.0": {
      "integrity": "sha512-hv9woG7Fy0M9IlRQloq/N6atV82NxLGveq+3H2WOi79dtIYWN8OaxogDm77f8YnVXJL2VD3bbqowu5E3EMhBYA==",
      "dependencies": [
        "@types/nlcst",
        "parse-latin",
        "unified"
      ]
    },
    "retext-smartypants@6.2.0": {
      "integrity": "sha512-kk0jOU7+zGv//kfjXEBjdIryL1Acl4i9XNkHxtM7Tm5lFiCog576fjNC9hjoR7LTKQ0DsPWy09JummSsH1uqfQ==",
      "dependencies": [
        "@types/nlcst",
        "nlcst-to-string",
        "unist-util-visit"
      ]
    },
    "retext-stringify@4.0.0": {
      "integrity": "sha512-rtfN/0o8kL1e+78+uxPTqu1Klt0yPzKuQ2BfWwwfgIUSayyzxpM1PJzkKt4V8803uB9qSy32MvI7Xep9khTpiA==",
      "dependencies": [
        "@types/nlcst",
        "nlcst-to-string",
        "unified"
      ]
    },
    "retext@9.0.0": {
      "integrity": "sha512-sbMDcpHCNjvlheSgMfEcVrZko3cDzdbe1x/e7G66dFp0Ff7Mldvi2uv6JkJQzdRcvLYE8CA8Oe8siQx8ZOgTcA==",
      "dependencies": [
        "@types/nlcst",
        "retext-latin",
        "retext-stringify",
        "unified"
      ]
    },
    "satteri@0.8.1": {
      "integrity": "sha512-B3dPc3RsWN+CIrwJHk6KnPQjdN7cg9mnSgfs7AUEXITlIYRnSMleOZQPgpmm759pGZ/vpnsXciNfJKXKME2rrg==",
      "dependencies": [
        "@types/estree-jsx",
        "@types/hast",
        "@types/mdast",
        "@types/unist"
      ],
      "optionalDependencies": [
        "@bruits/satteri-darwin-arm64",
        "@bruits/satteri-darwin-x64",
        "@bruits/satteri-linux-x64-gnu",
        "@bruits/satteri-wasm32-wasi",
        "@bruits/satteri-win32-x64-msvc"
      ]
    },
    "smartypants@0.2.2": {
      "integrity": "sha512-TzobUYoEft/xBtb2voRPryAUIvYguG0V7Tt3de79I1WfXgCwelqVsGuZSnu3GFGRZhXR90AeEYIM+icuB/S06Q==",
      "bin": true
    },
    "space-separated-tokens@2.0.2": {
      "integrity": "sha512-PEGlAwrG8yXGXRjW32fGbg66JAlOAwbObuqVoJpv/mRgoWDQfgH1wDPvtzWyUSNAXBGSk8h755YDbbcEy3SH2Q=="
    },
    "stringify-entities@4.0.4": {
      "integrity": "sha512-IwfBptatlO+QCJUo19AqvrPNqlVMpW9YEL2LIVY+Rpv2qsjCGxaDLNRgeGsQWJhfItebuJhsGSLjaBbNSQ+ieg==",
      "dependencies": [
        "character-entities-html4",
        "character-entities-legacy"
      ]
    },
    "trim-lines@3.0.1": {
      "integrity": "sha512-kRj8B+YHZCc9kQYdWfJB2/oUl9rA99qbowYYBtr4ui4mZyAQ2JpvVBd/6U2YloATfqBhBTSMhTpgBHtU0Mf3Rg=="
    },
    "trough@2.2.0": {
      "integrity": "sha512-tmMpK00BjZiUyVyvrBK7knerNgmgvcV/KLVyuma/SC+TQN167GrMRciANTz09+k3zW8L8t60jWO1GpfkZdjTaw=="
    },
    "tslib@2.8.1": {
      "integrity": "sha512-oJFu94HQb+KVduSUQL7wnpmqnfmLsOA/nAh6b6EH0wCEoK0/mPeXU6c3wKDV83MkOuHPRHtSXKKU99IBazS/2w=="
    },
    "uc.micro@2.1.0": {
      "integrity": "sha512-ARDJmphmdvUk6Glw7y9DQ2bFkKBHwQHLi2lsaH6PPmz/Ka9sFOBsBluozhDltWmnv9u/cF6Rt87znRTPV+yp/A=="
    },
    "unified@11.0.5": {
      "integrity": "sha512-xKvGhPWw3k84Qjh8bI3ZeJjqnyadK+GEFtazSfZv/rKeTkTjOJho6mFqh2SM96iIcZokxiOpg78GazTSg8+KHA==",
      "dependencies": [
        "@types/unist",
        "bail",
        "devlop",
        "extend",
        "is-plain-obj",
        "trough",
        "vfile"
      ]
    },
    "unist-util-is@6.0.1": {
      "integrity": "sha512-LsiILbtBETkDz8I9p1dQ0uyRUWuaQzd/cuEeS1hoRSyW5E5XGmTzlwY1OrNzzakGowI9Dr/I8HVaw4hTtnxy8g==",
      "dependencies": [
        "@types/unist"
      ]
    },
    "unist-util-modify-children@4.0.0": {
      "integrity": "sha512-+tdN5fGNddvsQdIzUF3Xx82CU9sMM+fA0dLgR9vOmT0oPT2jH+P1nd5lSqfCfXAw+93NhcXNY2qqvTUtE4cQkw==",
      "dependencies": [
        "@types/unist",
        "array-iterate"
      ]
    },
    "unist-util-position@5.0.0": {
      "integrity": "sha512-fucsC7HjXvkB5R3kTCO7kUjRdrS0BJt3M/FPxmHMBOm8JQi2BsHAHFsy27E0EolP8rp0NzXsJ+jNPyDWvOJZPA==",
      "dependencies": [
        "@types/unist"
      ]
    },
    "unist-util-stringify-position@4.0.0": {
      "integrity": "sha512-0ASV06AAoKCDkS2+xw5RXJywruurpbC4JZSm7nr7MOt1ojAzvyyaO+UxZf18j8FCF6kmzCZKcAgN/yu2gm2XgQ==",
      "dependencies": [
        "@types/unist"
      ]
    },
    "unist-util-visit-children@3.0.0": {
      "integrity": "sha512-RgmdTfSBOg04sdPcpTSD1jzoNBjt9a80/ZCzp5cI9n1qPzLZWF9YdvWGN2zmTumP1HWhXKdUWexjy/Wy/lJ7tA==",
      "dependencies": [
        "@types/unist"
      ]
    },
    "unist-util-visit-parents@6.0.2": {
      "integrity": "sha512-goh1s1TBrqSqukSc8wrjwWhL0hiJxgA8m4kFxGlQ+8FYQ3C/m11FcTs4YYem7V664AhHVvgoQLk890Ssdsr2IQ==",
      "dependencies": [
        "@types/unist",
        "unist-util-is"
      ]
    },
    "unist-util-visit@5.1.0": {
      "integrity": "sha512-m+vIdyeCOpdr/QeQCu2EzxX/ohgS8KbnPDgFni4dQsfSCtpz8UqDyY5GjRru8PDKuYn7Fq19j1CQ+nJSsGKOzg==",
      "dependencies": [
        "@types/unist",
        "unist-util-is",
        "unist-util-visit-parents"
      ]
    },
    "vfile-message@4.0.3": {
      "integrity": "sha512-QTHzsGd1EhbZs4AsQ20JX1rC3cOlt/IWJruk893DfLRr57lcnOeMaWG4K0JrRta4mIJZKth2Au3mM3u03/JWKw==",
      "dependencies": [
        "@types/unist",
        "unist-util-stringify-position"
      ]
    },
    "vfile@6.0.3": {
      "integrity": "sha512-KzIbH/9tXat2u30jf+smMwFCsno4wHVdNmzFyL+T/L3UGqqk6JKfVqOFOZEpZSHADH1k40ab6NUIXZq422ov3Q==",
      "dependencies": [
        "@types/unist",
        "vfile-message"
      ]
    },
    "zwitch@2.0.4": {
      "integrity": "sha512-bXE4cR/kVZhKZX/RjPEflHaKVhUVl85noU3v6b8apfQEc1x4A+zBxjZ4lN8LqGd6WZ3dl98pY4o717VFmoPp+A=="
    }
  },
  "workspace": {
    "dependencies": [
      "jsr:@std/assert@1.0.19",
      "npm:@comark/html@0.4.0",
      "npm:@types/markdown-it-emoji@3.0.1",
      "npm:@types/markdown-it-footnote@3.0.4",
      "npm:@types/markdown-it@14.1.2",
      "npm:comark@0.4.0",
      "npm:gemoji@8.1.0",
      "npm:github-slugger@2.0.0",
      "npm:markdown-exit@1.1.0-beta.2",
      "npm:markdown-it-anchor@9.2.0",
      "npm:markdown-it-emoji@3.0.0",
      "npm:markdown-it-footnote@4.0.0",
      "npm:markdown-it@14.2.0",
      "npm:marked-emoji@2.0.3",
      "npm:marked-footnote@1.4.0",
      "npm:marked-gfm-heading-id@4.1.4",
      "npm:marked-smartypants@1.1.12",
      "npm:marked@18.0.5",
      "npm:rehype-slug@6.0.0",
      "npm:rehype-stringify@10.0.1",
      "npm:remark-gemoji@8.0.0",
      "npm:remark-gfm@4.0.1",
      "npm:remark-parse@11.0.0",
      "npm:remark-rehype@11.1.2",
      "npm:remark-smartypants@3.0.2",
      "npm:satteri@0.8.1",
      "npm:unified@11.0.5"
    ]
  }
}
